
Microsoft Visual Studio Solution File, Format Version 12.00
# Visual Studio 15
VisualStudioVersion = 15.0.26228.9
MinimumVisualStudioVersion = 10.0.40219.1
Project("{FAE04EC0-301F-11D3-BF4B-00C04F79EFBC}") = "RestfulAPI.NET", "RestfulAPI.NET\RestfulAPI.NET.csproj", "{1DE0870C-75CD-4161-8537-98A6C5D2D8B9}"
EndProject
Project("{FAE04EC0-301F-11D3-BF4B-00C04F79EFBC}") = "DLWorkspaceUtils", "DLWorkspaceUtils\DLWorkspaceUtils.csproj", "{61BEB405-894A-44BC-8245-4200C7BC1B0B}"
EndProject
Project("{FAE04EC0-301F-11D3-BF4B-00C04F79EFBC}") = "Test", "Test\Test.csproj", "{1AA10815-6530-4604-8E68-F4D57F7F2628}"
EndProject
Global
	GlobalSection(SolutionConfigurationPlatforms) = preSolution
		Debug|Any CPU = Debug|Any CPU
		Release|Any CPU = Release|Any CPU
	EndGlobalSection
	GlobalSection(ProjectConfigurationPlatforms) = postSolution
		{1DE0870C-75CD-4161-8537-98A6C5D2D8B9}.Debug|Any CPU.ActiveCfg = Debug|Any CPU
		{1DE0870C-75CD-4161-8537-98A6C5D2D8B9}.Debug|Any CPU.Build.0 = Debug|Any CPU
		{1DE0870C-75CD-4161-8537-98A6C5D2D8B9}.Release|Any CPU.ActiveCfg = Release|Any CPU
		{1DE0870C-75CD-4161-8537-98A6C5D2D8B9}.Release|Any CPU.Build.0 = Release|Any CPU
		{61BEB405-894A-44BC-8245-4200C7BC1B0B}.Debug|Any CPU.ActiveCfg = Debug|Any CPU
		{61BEB405-894A-44BC-8245-4200C7BC1B0B}.Debug|Any CPU.Build.0 = Debug|Any CPU
		{61BEB405-894A-44BC-8245-4200C7BC1B0B}.Release|Any CPU.ActiveCfg = Release|Any CPU
		{61BEB405-894A-44BC-8245-4200C7BC1B0B}.Release|Any CPU.Build.0 = Release|Any CPU
		{1AA10815-6530-4604-8E68-F4D57F7F2628}.Debug|Any CPU.ActiveCfg = Debug|Any CPU
		{1AA10815-6530-4604-8E68-F4D57F7F2628}.Debug|Any CPU.Build.0 = Debug|Any CPU
		{1AA10815-6530-4604-8E68-F4D57F7F2628}.Release|Any CPU.ActiveCfg = Release|Any CPU
		{1AA10815-6530-4604-8E68-F4D57F7F2628}.Release|Any CPU.Build.0 = Release|Any CPU
	EndGlobalSection
	GlobalSection(SolutionProperties) = preSolution
		HideSolutionNode = FALSE
	EndGlobalSection
EndGlobal
