{
    "_meta": {
        "hash": {
            "sha256": "a6f1254f94371e69acbf2150f4a750e935f9b13fb2087521ad9ddf631a491363"
        },
        "pipfile-spec": 6,
        "requires": {
            "python_version": "3.5"
        },
        "sources": [
            {
                "name": "pypi",
                "url": "https://pypi.org/simple",
                "verify_ssl": true
            }
        ]
    },
    "default": {
        "adal": {
            "hashes": [
                "sha256:5a7f1e037c6290c6d7609cab33a9e5e988c2fbec5c51d1c4c649ee3faff37eaf",
                "sha256:fd17e5661f60634ddf96a569b95d34ccb8a98de60593d729c28bdcfe360eaad1"
            ],
            "version": "==1.2.2"
        },
        "azure": {
            "hashes": [
                "sha256:7d6afa332fccffe1a9390bcfac5122317eec657c6029f144d794603a81cd0e50",
                "sha256:8bee1f569f700519e8cdfe210259c5c51fa96cee69ccae6b06f60d7224e334e6"
            ],
            "index": "pypi",
            "version": "==4.0.0"
        },
        "azure-applicationinsights": {
            "hashes": [
                "sha256:6e1839169bb6ffd2d2c21ee3f4afbdd068ea428ad47cf884ea3167ecf7fd0859",
                "sha256:c007a9cb7cee4852673e915220fca267e78f97f275f1a8f09b2266a55702462b"
            ],
            "version": "==0.1.0"
        },
        "azure-batch": {
            "hashes": [
                "sha256:017be21a9e6db92473d2e33170d5dd445596fc70d706f73552ac9c6b57a6ef1c",
                "sha256:cd71c7ebb5beab174b6225bbf79ae18d6db0c8d63227a7e514da0a75f138364c"
            ],
            "version": "==4.1.3"
        },
        "azure-common": {
            "hashes": [
                "sha256:ce0f1013e6d0e9faebaf3188cc069f4892fc60a6ec552e3f817c1a2f92835054",
                "sha256:fd02e4256dc9cdd2d4422bc795bdca2ef302f7a86148b154fbf4ea1f09da400a"
            ],
            "version": "==1.1.25"
        },
        "azure-cosmosdb-nspkg": {
            "hashes": [
                "sha256:5d83961922812ffb6e23f7321550b2916abbd7480ec5b4a798417c4a682ff5e9",
                "sha256:acf691e692818d9a65c653c7a3485eb8e35c0bdc496bba652e5ea3905ba09cd8"
            ],
            "version": "==2.0.2"
        },
        "azure-cosmosdb-table": {
            "hashes": [
                "sha256:5f061d2ab8dcf2f0b4e965d5976e7b7aeb1247ea896911f0e1d29092aaaa29c7",
                "sha256:ee525233d6c8c016526593bf28f8a374275cfe204a00c41134b83a1736f7b5f7"
            ],
            "version": "==1.0.6"
        },
        "azure-datalake-store": {
            "hashes": [
                "sha256:b35108939f9ac4b6bc568e9b735e3e38a5fdabe00065073b5e48659929d536d1",
                "sha256:d27c335783d4add00b3a5f709341e4a8009857440209e15a739a9a96b52386f7"
            ],
            "version": "==0.0.48"
        },
        "azure-eventgrid": {
            "hashes": [
                "sha256:320440b915081be2d234da6513268384a811514be40076fa0b10eb2671c211b6",
                "sha256:c82c4bf6ea59aeec69ce8f95f1b6a4edc6d733874aeb056669c9d2806168c86e"
            ],
            "version": "==1.3.0"
        },
        "azure-graphrbac": {
            "hashes": [
                "sha256:825b397665f478fab511e521f3f3f4b64189cb9f6c2e7e873b3b7333dc533974",
                "sha256:f94b97bdcf774878fe2f8b8c46a5d6550a4ed891350ed0730c1561a24d488ee2"
            ],
            "version": "==0.40.0"
        },
        "azure-keyvault": {
            "hashes": [
                "sha256:37a8e5f376eb5a304fcd066d414b5d93b987e68f9212b0c41efa37d429aadd49",
                "sha256:dec5334cde846849dfe7896f2e98f17b4f4d75c316a4d30e7171ce71ca20713d"
            ],
            "version": "==1.1.0"
        },
        "azure-loganalytics": {
            "hashes": [
                "sha256:3ceb350def677a351f34b0a0d1637df6be0c6fe87ff32a5270b17f540f6da06e",
                "sha256:5a1bdb33e1fd3dfb275d9eec45ed8e1126eda51e9072ccf08a19922ee5e0ad98"
            ],
            "version": "==0.1.0"
        },
        "azure-mgmt": {
            "hashes": [
                "sha256:8dcbee7b323c3898ae92f5e2d88c3e6201f197ae48a712970929c4646cc2580a",
                "sha256:fdca6b5ecf17e5583f6fd3a20cd4e4e0335a3d91131d62b50cfef40d657234b2"
            ],
            "version": "==4.0.0"
        },
        "azure-mgmt-advisor": {
            "hashes": [
                "sha256:8fdcb41f760a216e6b835eaec11dba61822777b386139d83eee31f0ff63b05da",
                "sha256:9d166cc9868971d03ec852e900fa1f1b95d8829233eff2b1baf702bd34b9887b"
            ],
            "version": "==1.0.1"
        },
        "azure-mgmt-applicationinsights": {
            "hashes": [
                "sha256:929c30559692c77d424ca36f11e98f066c98e7eb7b742c44beadc082715f19df",
                "sha256:f10229eb9e3e9d0ad20188b8d14d67055e86f3815b43b75eedf96b654bee2a9b"
            ],
            "version": "==0.1.1"
        },
        "azure-mgmt-authorization": {
            "hashes": [
                "sha256:2b8504763ea8b1b475f2c3533b171bedb91ffae459f48f1f885ec8536df91093",
                "sha256:535de12ff4f628b62b939ae17cc6186226d7783bf02f242cdd3512ee03a6a40e"
            ],
            "version": "==0.50.0"
        },
        "azure-mgmt-batch": {
            "hashes": [
                "sha256:6e375ecdd5966ee9ee45b29c90a806388c27ceacc2cbd6dd406ff311b5d7da72",
                "sha256:d942e225180d07aae07a43e489ae0acbacd92651be3a019f4eb330a587028161"
            ],
            "version": "==5.0.1"
        },
        "azure-mgmt-batchai": {
            "hashes": [
                "sha256:b5f7df6a77fde0bd6b486762eb2c81750b6f1730ee1116689d2dfbd3e03dba95",
                "sha256:f1870b0f97d5001cdb66208e5a236c9717a0ed18b34dbfdb238a828f3ca2a683"
            ],
            "version": "==2.0.0"
        },
        "azure-mgmt-billing": {
            "hashes": [
                "sha256:3810cdda69ec1409191b292628fe6ba86ce5e0444723b960d91af4f401846ac3",
                "sha256:85f73bb3808a7d0d2543307e8f41e5b90a170ad6eeedd54fe7fcaac61b5b22d2"
            ],
            "version": "==0.2.0"
        },
        "azure-mgmt-cdn": {
            "hashes": [
                "sha256:0cdbe0914aec544884ef681e31950efa548d9bec6d6dc354e00c3dbdab9e76e3",
                "sha256:d80bfcbc342fa118d618c80ee2f3e163a2fa41d184f1d70a826020920dbc8a39"
            ],
            "version": "==3.1.0"
        },
        "azure-mgmt-cognitiveservices": {
            "hashes": [
                "sha256:36b406ee4b6652cd144a99309cd823ac1c726b0160120c14e4c35cb668f3f8ff",
                "sha256:c3247f2786b996a5f328ebdaf65d31507571979e004de7a5ed0ff280f95d80b4"
            ],
            "version": "==3.0.0"
        },
        "azure-mgmt-commerce": {
            "hashes": [
                "sha256:c48e84ed322fa9ddbc2d7fcca754c5e97171919be94f510bd2579cf5666684c3",
                "sha256:ddcd403bcaf6b7de2cbf1bc249b7db452b35dc1f0503f940368efc722dc0bc90"
            ],
            "version": "==1.0.1"
        },
        "azure-mgmt-compute": {
            "hashes": [
                "sha256:36f4682076bafb363cbdf17a839941208ce94a14d8a652005ee02399c4a71297",
                "sha256:93f32e68d322a04006296b89d219e8ccc5d5e52e788ec0a602563823e108e1f8"
            ],
            "version": "==4.6.2"
        },
        "azure-mgmt-consumption": {
            "hashes": [
                "sha256:36ea28bb2ed4bec7e4d643444085ba4debed20a01fbd87f599896a4bda3318bd",
                "sha256:9a85a89f30f224d261749be20b4616a0eb8948586f7f0f20573b8ea32f265189"
            ],
            "version": "==2.0.0"
        },
        "azure-mgmt-containerinstance": {
            "hashes": [
                "sha256:0e55fb1dddcc01a9d58a99095e5cca50252bb6c42150b225e552560fe29fd8a5",
                "sha256:b055386f04ba8433112b0df7fcbc260b5208828d7bb8c057e760fe596aa7a8cd"
            ],
            "version": "==1.5.0"
        },
        "azure-mgmt-containerregistry": {
            "hashes": [
                "sha256:7de7c542e29b441f3858447694c4e5ab933eeef74bce2dd5bdab32b6d521ecd3",
                "sha256:b24be1050d54f3158e8be7f6ad677f0c8888dddefd09fb8391ebfc73d40173a4"
            ],
            "version": "==2.8.0"
        },
        "azure-mgmt-containerservice": {
            "hashes": [
                "sha256:150fa5437726a97428ab107e4de155c950f8065834f43aa2dff5924d20d4b42c",
                "sha256:b75ceac9a18be75c4f6b1ee4e5320a3c75c78472b49d4ff7d374502d914f7594"
            ],
            "version": "==4.4.0"
        },
        "azure-mgmt-cosmosdb": {
            "hashes": [
                "sha256:a6e70527994d8ce7f4eeca80c7691bc9555adf90819848a9a30284a33b0cffe2",
                "sha256:d5f448e9e6733b83e2e6bde28267bb30620c5a3f1399e66dcfe04d0b80960094"
            ],
            "version": "==0.4.1"
        },
        "azure-mgmt-datafactory": {
            "hashes": [
                "sha256:63d6cad02ef4d9da788b148b69c708227085b2d948d805bbf54150c7a692393c",
                "sha256:6ee02286e9950b9f5b76589459f6d060a962faaab1f49c263a55d011e98b30bf"
            ],
            "version": "==0.6.0"
        },
        "azure-mgmt-datalake-analytics": {
            "hashes": [
                "sha256:0d64c4689a67d6138eb9ffbaff2eda2bace7d30b846401673183dcb42714de8f",
                "sha256:ac96c9777314831db37461f0602e75298bc25277ba7f4d0d3e7966a926669b7e"
            ],
            "version": "==0.6.0"
        },
        "azure-mgmt-datalake-nspkg": {
            "hashes": [
                "sha256:2ac6fa13c55b87112199c5fb03a3098cefebed5f44ac34ab3d39b399951b22c4",
                "sha256:3b9e2843f5d0fd6015bba13040dfc2f5fe9bc7b02c9d91dd578e8fe852d1b2dd",
                "sha256:deb192ba422f8b3ec272ce4e88736796f216f28ea5b03f28331d784b7a3f4880"
            ],
            "version": "==3.0.1"
        },
        "azure-mgmt-datalake-store": {
            "hashes": [
                "sha256:2af98236cd7eaa439b239bf761338c866996ce82e9c129b204e8851e5dc095dd",
                "sha256:9376d35495661d19f8acc5604f67b0bc59493b1835bbc480f9a1952f90017a4c"
            ],
            "version": "==0.5.0"
        },
        "azure-mgmt-datamigration": {
            "hashes": [
                "sha256:bb654d9f96166a5cf2638f821af5cee8b1c331257c69b053592375a4d2bb4d5e",
                "sha256:ea2920475f9e56e660003a06397228243042157d46674f8a09abaf2d0a933aed"
            ],
            "version": "==1.0.0"
        },
        "azure-mgmt-devspaces": {
            "hashes": [
                "sha256:220f1610c2cda584e4212611679868d8cc5bdd789d3f0dfa1259b64fc968f580",
                "sha256:4710dd59fc219ebfa4272dbbad58bf62093b52ce22bfd32a5c0279d2149471b5"
            ],
            "version": "==0.1.0"
        },
        "azure-mgmt-devtestlabs": {
            "hashes": [
                "sha256:7e91bb139b59cfaf1c1b2b0e3e21f091768c658c1879797757dedc6312f00c8c",
                "sha256:d416a6d0883b0d33a63c524db6455ee90a01a72a9d8757653e446bf4d3f69796"
            ],
            "version": "==2.2.0"
        },
        "azure-mgmt-dns": {
            "hashes": [
                "sha256:3730b1b3f545a5aa43c0fff07418b362a789eb7d81286e2bed90ffef88bfa5d0",
                "sha256:5b80546b0f182d7abe90c43025cd5ca7e6605224b4d5b872cca2456667f172ef"
            ],
            "version": "==2.1.0"
        },
        "azure-mgmt-eventgrid": {
            "hashes": [
                "sha256:824503b668137affa5b3782c6348c0bb6ab012c72fe47a3be9942c5639f82f8a",
                "sha256:9518e9d7e60ab90a7d18ae6a3f0049ca57588f8f9583ab40d442c2a5387cf94e"
            ],
            "version": "==1.0.0"
        },
        "azure-mgmt-eventhub": {
            "hashes": [
                "sha256:e86b20aa1f6f9c77a83d4af6e708823cc3593658bcea7b12228efc48e214d7da",
                "sha256:e9e8f219251e8296d17f14090488376adcdbab1ca8ffc3664b70c73015f368ff"
            ],
            "version": "==2.6.0"
        },
        "azure-mgmt-hanaonazure": {
            "hashes": [
                "sha256:9fe4dc0adeb772d13918e1d6126d83c7770b762f358487504c5f082f542d0189",
                "sha256:aec953c54809d0cc2f61f24d4d62a97f02c466bdc7906fd66f30120becf0c3df"
            ],
            "version": "==0.1.1"
        },
        "azure-mgmt-iotcentral": {
            "hashes": [
                "sha256:0d2101f3ea8a21ec3b29ee72d83e6ca606a241efec3b042cda8c656ad99b8fd2",
                "sha256:59f7c653ac7d6475d5d7900902a5d0e0fe7aad03224c47d70f2cf1e20d43a81d"
            ],
            "version": "==0.1.0"
        },
        "azure-mgmt-iothub": {
            "hashes": [
                "sha256:08388142ed6844f0a0e97d2740decf80ffc94f22adca174c15f60b9e2c2d14be",
                "sha256:77221c5b6ff7feabc2e6d44156e29fbee9098b34de044165d3532b64b678bdb1"
            ],
            "version": "==0.5.0"
        },
        "azure-mgmt-iothubprovisioningservices": {
            "hashes": [
                "sha256:2b3480a8ad2e535928da55de92b6127d02171768fed375b112274eb1e55268c1",
                "sha256:8c37acfd1c33aba845f2e0302ef7266cad31cba503cc990a48684659acb7b91d"
            ],
            "version": "==0.2.0"
        },
        "azure-mgmt-keyvault": {
            "hashes": [
                "sha256:05a15327a922441d2ba32add50a35c7f1b9225727cbdd3eeb98bc656e4684099",
                "sha256:406298b6236abf9e3bae3218df2fc89c25aee471b917eca7769ff5696fc8ec01"
            ],
            "version": "==1.1.0"
        },
        "azure-mgmt-loganalytics": {
            "hashes": [
                "sha256:c7315ff0ee4d618fb38dca68548ef4023a7a20ce00efe27eb2105a5426237d86",
                "sha256:f224b7d52f4369ce057c7f83e80da1d00a8887ad5c15606529e9c930e601088f"
            ],
            "version": "==0.2.0"
        },
        "azure-mgmt-logic": {
            "hashes": [
                "sha256:232c175e45582f7c547d3b50d93bd64aec37b400426962e4fd0cd235980ea110",
                "sha256:d163dfc32e3cfa84f3f8131a75d9e94f5c4595907332cc001e45bf7e4efd5add"
            ],
            "version": "==3.0.0"
        },
        "azure-mgmt-machinelearningcompute": {
            "hashes": [
                "sha256:4995ba9ee392eb4f5579e93dba9187b67007187e7fd022d6b417ec56e6761a6b",
                "sha256:7a52f85591114ef33a599dabbef840d872b7f599b7823e596af9490ec51b873f"
            ],
            "version": "==0.4.1"
        },
        "azure-mgmt-managementgroups": {
            "hashes": [
                "sha256:005e8289c2e1d8a8368c96790edf6a34e5c37b4096bce2eb8a923c6d5dc11fb2",
                "sha256:ff62d982edda634a36160cb1d15a367a9572a5acb419e5e7ad371e8c83bd47c7"
            ],
            "version": "==0.1.0"
        },
        "azure-mgmt-managementpartner": {
            "hashes": [
                "sha256:27a265cd1ec0fac022fb2f6024b16bffbe378c7a829d6f446c4ab8d94eaf6caf",
                "sha256:ae4ae9f50d00e51bc92408f81a152571305ccbc44ce462c166bca07950474e6d"
            ],
            "version": "==0.1.1"
        },
        "azure-mgmt-maps": {
            "hashes": [
                "sha256:a779b1ddbbcd95393e53f11b586dd26c42a709aaa226412a2df64d0da6807a80",
                "sha256:c120e210bb61768da29de24d28b82f8d42ae24e52396eb6569b499709e22f006"
            ],
            "version": "==0.1.0"
        },
        "azure-mgmt-marketplaceordering": {
            "hashes": [
                "sha256:6da12425cbab0cc62f246e7266b4d67aff6bdd031ecbe50c7542c2f2b2440ad4",
                "sha256:fb7a21f4a4a4b8d32bae600614f047a17993111374c9567ac11f241ada61d69f"
            ],
            "version": "==0.1.0"
        },
        "azure-mgmt-media": {
            "hashes": [
                "sha256:688b56daad16e84afc7ad788a1d0d2969e365317db0d6034dd428a08030d21aa",
                "sha256:6d68668b14c00b4c68f695f2bb69ff77af29034d440371c2bdd9c80187b1a08c"
            ],
            "version": "==1.0.0"
        },
        "azure-mgmt-monitor": {
            "hashes": [
                "sha256:838867a150694837e9c6141760ff0f20fe9e5b7ab88f9ba868fde1810855895e",
                "sha256:f1a58d483e3292ba4f7bbf3104573130c9265d6c9262e26b60cbfa950b5601e4"
            ],
            "version": "==0.5.2"
        },
        "azure-mgmt-msi": {
            "hashes": [
                "sha256:8622bc9a164169a0113728ebe7fd43a88189708ce6e10d4507247d6907987167",
                "sha256:e989e61753bf4eca0e688526b7c31c9a88082080acfb038fad17dda7f084a026"
            ],
            "version": "==0.2.0"
        },
        "azure-mgmt-network": {
            "hashes": [
                "sha256:57965d5c5182bcbe4ef70c23319a2714a5f473c650e18078ac055ad12c70e913",
                "sha256:c083f9da1af69ca8524d0a7e2f0235b025a628ad00308072c1e84662312a532a"
            ],
            "version": "==2.7.0"
        },
        "azure-mgmt-notificationhubs": {
            "hashes": [
                "sha256:abb1f5b6d9fa6e85a9d6c30ea2c23b0f61118cc3364c5e75ea94ea37dcc74890",
                "sha256:b00809d5f6fa6d3f3a9ddea700c35314bc3b2b819fddd0f6389d5aa15a1c8583"
            ],
            "version": "==2.1.0"
        },
        "azure-mgmt-nspkg": {
            "hashes": [
                "sha256:1c6f5134de78c8907e8b73a8ceaaf1f336a24193a543039994fe002bb5f7f39f",
                "sha256:8b2287f671529505b296005e6de9150b074344c2c7d1c805b3f053d081d58c52",
                "sha256:d638ea5fda3ed323db943feb29acaa200f5d8ff092078bf8d29d4a2f8ed16999"
            ],
            "version": "==3.0.2"
        },
        "azure-mgmt-policyinsights": {
            "hashes": [
                "sha256:49b88331bf823a030182ff492b728828c35758c7e49c8898a403bce5b210ba49",
                "sha256:ff94cb12d6e01bf1470c2a6af4ce6960669ab4209106153879ff97addc569ce1"
            ],
            "version": "==0.1.0"
        },
        "azure-mgmt-powerbiembedded": {
            "hashes": [
                "sha256:2f05be73f2a086c579a78fc900e3b2ae14ccde5bcec54e29dfc73e626b377476",
                "sha256:6f75fef7ff576383c8c6692ba5a1efa634e6eded99d0ff6e76fdc8327325fe2f"
            ],
            "version": "==2.0.0"
        },
        "azure-mgmt-rdbms": {
            "hashes": [
                "sha256:6d6f8e48c0458a67b4fd10ea4bb5f3e9b622784f4ef27c296af95a48d377dce5",
                "sha256:d9d4090010cbb64176ce094603f1298af7368ddb3a0cb606d5e972331285216d"
            ],
            "version": "==1.9.0"
        },
        "azure-mgmt-recoveryservices": {
            "hashes": [
                "sha256:29df3e58890492efdd80d608b7a0fd2006c8a908687c35b9b1f70af068c0f6e4",
                "sha256:e48f7769fb10a85ad857710c2cba47880166f69fe7da6b331771f129b21de95c"
            ],
            "version": "==0.3.0"
        },
        "azure-mgmt-recoveryservicesbackup": {
            "hashes": [
                "sha256:1e55b6cbb808df83576cef352ba0065f4878fe505299c0a4c5a97f4f1e5793df",
                "sha256:5c44bd73df6eb55382335f16a21aee62ddc8e271cd913b9147768f42aba59c3d"
            ],
            "version": "==0.3.0"
        },
        "azure-mgmt-redis": {
            "hashes": [
                "sha256:374a267b83ec4e71077b8afad537863fb93816c96407595cdd02973235356ded",
                "sha256:41d12cea5673b2e277ea298d85bab7d1fdbd0636ff6be08b15ee30a312c07d6d"
            ],
            "version": "==5.0.0"
        },
        "azure-mgmt-relay": {
            "hashes": [
                "sha256:1411e734573ce6166ac7a75fbfc0afb7d6b3f47a94d0b4999b6adf2709eba87c",
                "sha256:d9f987cf2998b8a354f331b2a71082c049193f1e1cd345812e14b9b821365acb"
            ],
            "version": "==0.1.0"
        },
        "azure-mgmt-reservations": {
            "hashes": [
                "sha256:40618a3700c47a788182649f238d985edf15b08b6577ea27557e70e2866ac171",
                "sha256:612acfa18f005c2ee5dda5c473b8bf6540d232db331b27be47de2608c5855adb"
            ],
            "version": "==0.2.1"
        },
        "azure-mgmt-resource": {
            "hashes": [
                "sha256:9c55503801db19fa88f1ab6b7ded6f7df543894c3e35b4e00993a471bd25e10c",
                "sha256:bc3d683dbd0289a278b79e55c9de8a5a3db03e3894484b2e5dbc95e4e9eb779c"
            ],
            "version": "==2.2.0"
        },
        "azure-mgmt-scheduler": {
            "hashes": [
                "sha256:59e7cced3ee9b93016efb8cf5f965ca11a463bb8e55f96a2f200b013426dd751",
                "sha256:c6e6edd386ddc4c21d54b1497c3397b970bc127b71809b51bd2391cb1f3d1a14"
            ],
            "version": "==2.0.0"
        },
        "azure-mgmt-search": {
            "hashes": [
                "sha256:92a40a1a7a9e3a82b6fa302042799e8d5a67d3996c20835af72afc14f1610501",
                "sha256:ea24482c56ceb2db2c22165ad7f389054567f7a2fa67e3c13df852b790bfc297"
            ],
            "version": "==2.1.0"
        },
        "azure-mgmt-servicebus": {
            "hashes": [
                "sha256:7d1e8c3dc05ffdfe496ae643290ce4de93a3bf814ffda69121223e3d7da12408",
                "sha256:cbc3fc8d8b8930452cf7d499856313da208eb66f62ade0091aa9bae0db2b1674"
            ],
            "version": "==0.5.3"
        },
        "azure-mgmt-servicefabric": {
            "hashes": [
                "sha256:0c1434e789d0c036c613855b898a385a4533656f45eafae3ef7af3ecf4d6a3e8",
                "sha256:b2bf2279b8ff8450c35e78e226231655021482fdbda27db09975ebfc983398ad"
            ],
            "version": "==0.2.0"
        },
        "azure-mgmt-signalr": {
            "hashes": [
                "sha256:37a79dfe21af4addbd9cdf248a260387caabdfdd60d2ba6f3174d28e96660655",
                "sha256:8a6266a59a5c69102e274806ccad3ac74b06fd2c226e16426bbe248fc2174903"
            ],
            "version": "==0.1.1"
        },
        "azure-mgmt-sql": {
            "hashes": [
                "sha256:43668705f17bd3532e2e489d368937eb19e7d0515638146c156982ace76e0743",
                "sha256:5da488a56d5265757b45747cf5fd22413eb089e606658d6e6d84fe3e9b07e4fa"
            ],
            "version": "==0.9.1"
        },
        "azure-mgmt-storage": {
            "hashes": [
                "sha256:512a29798833453f8c32a5b6d038a459649bbb5b9970ac23c982b5787057fa2b",
                "sha256:9577cea1f7a86ca1db6f14539bd05ce27f43ebe590cc7f23c943961a2c5c1cdc"
            ],
            "version": "==2.0.0"
        },
        "azure-mgmt-subscription": {
            "hashes": [
                "sha256:309b23f0de65f26da80c801e913b0c3b2aea8b90ba583d919f81fe6f329d3f1b",
                "sha256:a37925fb820cb86dfb57559846cc97c7e066fe0e64da7594175f4a4f5e50783c"
            ],
            "version": "==0.2.0"
        },
        "azure-mgmt-trafficmanager": {
            "hashes": [
                "sha256:126167eaa82b443b5b71394050ec292f45074701232bdbdda71f636e9b46516b",
                "sha256:65796588ffbeac45bf73668977131c317b64d6a3f32faecdc5cbf9683d48132c"
            ],
            "version": "==0.50.0"
        },
        "azure-mgmt-web": {
            "hashes": [
                "sha256:8ea0794eef22a257773c13269b94855ab79d36c342ad15a98135403c9785cc0a",
                "sha256:f4ddb4850314325db688241caa323fa80d811dc4590454d87f5c5b558557ea51"
            ],
            "version": "==0.35.0"
        },
        "azure-nspkg": {
            "hashes": [
                "sha256:1d0bbb2157cf57b1bef6c8c8e5b41133957364456c43b0a43599890023cca0a8",
                "sha256:31a060caca00ed1ebd369fc7fe01a56768c927e404ebc92268f4d9d636435e28",
                "sha256:e7d3cea6af63e667d87ba1ca4f8cd7cb4dfca678e4c55fc1cedb320760e39dd0"
            ],
            "version": "==3.0.2"
        },
        "azure-servicebus": {
            "hashes": [
                "sha256:30d5beaf73eaf40aba52fdd7f7f26dd8c3e639051dc19a5f2ab5f8e7832d68f7",
                "sha256:bb6a27afc8f1ea9ab46ff2371069243d45000d351d9b64e450b63d52409b934d"
            ],
            "version": "==0.21.1"
        },
        "azure-servicefabric": {
            "hashes": [
                "sha256:8724718ef48c2810dbd8609c193225fa1e037a2c9ce70c7263f5b031e2e8f208",
                "sha256:c82575cbdf95cc897c3230ea889d4e751d8760a2223857fe6fbeeea5b802e5e2"
            ],
            "version": "==6.3.0.0"
        },
        "azure-servicemanagement-legacy": {
            "hashes": [
                "sha256:282d48aae6aa002c59db6f651b68777a8f93692bb8e9b443113e6a8d5ce5e875",
                "sha256:c883ff8fa3d4f4cb7b9344e8cb7d92a9feca2aa5efd596237aeea89e5c10981d"
            ],
            "version": "==0.20.6"
        },
        "azure-storage-blob": {
            "hashes": [
                "sha256:6577e9ebca6fd1cf47795f88a1f0949c003fae62eeb6479a05631b765cf73b80",
                "sha256:f187a878e7a191f4e098159904f72b4146cf70e1aabaf6484ab4ba72fc6f252c"
            ],
            "version": "==1.5.0"
        },
        "azure-storage-common": {
            "hashes": [
                "sha256:4ec87c7537d457ec95252e0e46477e2c1ccf33774ffefd05d8544682cb0ae401",
                "sha256:de4817cce35a23d1c89563edc38b481ebd8da4655bdf32d26fa2b06095179e4a"
            ],
            "version": "==1.4.2"
        },
        "azure-storage-file": {
            "hashes": [
                "sha256:5217b0441b671246a8d5f506a459fa3af084eeb9297c5be3bbe95d75d23bac2f",
                "sha256:65831e66594cdda36e02f5566ea9d8a6ad35eca6691c28f1fbb49f23987752ff"
            ],
            "version": "==1.4.0"
        },
        "azure-storage-queue": {
            "hashes": [
                "sha256:0bafe9e61c0ce7b3f3ecadea21e931dab3248bd4989dc327a8666c5deae7f7ed",
                "sha256:d28e6f854ed5d719d62637c1b5c2b74d9c67584bc326de5ce41ba0af73e3a3f0"
            ],
            "version": "==1.4.0"
        },
        "certifi": {
            "hashes": [
                "sha256:017c25db2a153ce562900032d5bc68e9f191e44e9a0f762f373977de9df1fbb3",
                "sha256:25b64c7da4cd7479594d035c08c2d809eb4aab3a26e5a990ea98cc450c320f1f"
            ],
            "version": "==2019.11.28"
        },
        "cffi": {
            "hashes": [
                "sha256:001bf3242a1bb04d985d63e138230802c6c8d4db3668fb545fb5005ddf5bb5ff",
                "sha256:00789914be39dffba161cfc5be31b55775de5ba2235fe49aa28c148236c4e06b",
                "sha256:028a579fc9aed3af38f4892bdcc7390508adabc30c6af4a6e4f611b0c680e6ac",
                "sha256:14491a910663bf9f13ddf2bc8f60562d6bc5315c1f09c704937ef17293fb85b0",
                "sha256:1cae98a7054b5c9391eb3249b86e0e99ab1e02bb0cc0575da191aedadbdf4384",
                "sha256:2089ed025da3919d2e75a4d963d008330c96751127dd6f73c8dc0c65041b4c26",
                "sha256:2d384f4a127a15ba701207f7639d94106693b6cd64173d6c8988e2c25f3ac2b6",
                "sha256:337d448e5a725bba2d8293c48d9353fc68d0e9e4088d62a9571def317797522b",
                "sha256:399aed636c7d3749bbed55bc907c3288cb43c65c4389964ad5ff849b6370603e",
                "sha256:3b911c2dbd4f423b4c4fcca138cadde747abdb20d196c4a48708b8a2d32b16dd",
                "sha256:3d311bcc4a41408cf5854f06ef2c5cab88f9fded37a3b95936c9879c1640d4c2",
                "sha256:62ae9af2d069ea2698bf536dcfe1e4eed9090211dbaafeeedf5cb6c41b352f66",
                "sha256:66e41db66b47d0d8672d8ed2708ba91b2f2524ece3dee48b5dfb36be8c2f21dc",
                "sha256:675686925a9fb403edba0114db74e741d8181683dcf216be697d208857e04ca8",
                "sha256:7e63cbcf2429a8dbfe48dcc2322d5f2220b77b2e17b7ba023d6166d84655da55",
                "sha256:8a6c688fefb4e1cd56feb6c511984a6c4f7ec7d2a1ff31a10254f3c817054ae4",
                "sha256:8c0ffc886aea5df6a1762d0019e9cb05f825d0eec1f520c51be9d198701daee5",
                "sha256:95cd16d3dee553f882540c1ffe331d085c9e629499ceadfbda4d4fde635f4b7d",
                "sha256:99f748a7e71ff382613b4e1acc0ac83bf7ad167fb3802e35e90d9763daba4d78",
                "sha256:b8c78301cefcf5fd914aad35d3c04c2b21ce8629b5e4f4e45ae6812e461910fa",
                "sha256:c420917b188a5582a56d8b93bdd8e0f6eca08c84ff623a4c16e809152cd35793",
                "sha256:c43866529f2f06fe0edc6246eb4faa34f03fe88b64a0a9a942561c8e22f4b71f",
                "sha256:cab50b8c2250b46fe738c77dbd25ce017d5e6fb35d3407606e7a4180656a5a6a",
                "sha256:cef128cb4d5e0b3493f058f10ce32365972c554572ff821e175dbc6f8ff6924f",
                "sha256:cf16e3cf6c0a5fdd9bc10c21687e19d29ad1fe863372b5543deaec1039581a30",
                "sha256:e56c744aa6ff427a607763346e4170629caf7e48ead6921745986db3692f987f",
                "sha256:e577934fc5f8779c554639376beeaa5657d54349096ef24abe8c74c5d9c117c3",
                "sha256:f2b0fa0c01d8a0c7483afd9f31d7ecf2d71760ca24499c8697aeb5ca37dc090c"
            ],
            "version": "==1.14.0"
        },
        "chardet": {
            "hashes": [
                "sha256:84ab92ed1c4d4f16916e05906b6b75a6c0fb5db821cc65e70cbd64a3e2a5eaae",
                "sha256:fc323ffcaeaed0e0a02bf4d117757b98aed530d9ed4531e3e15460124c106691"
            ],
            "version": "==3.0.4"
        },
        "cryptography": {
            "hashes": [
                "sha256:02079a6addc7b5140ba0825f542c0869ff4df9a69c360e339ecead5baefa843c",
                "sha256:1df22371fbf2004c6f64e927668734070a8953362cd8370ddd336774d6743595",
                "sha256:369d2346db5934345787451504853ad9d342d7f721ae82d098083e1f49a582ad",
                "sha256:3cda1f0ed8747339bbdf71b9f38ca74c7b592f24f65cdb3ab3765e4b02871651",
                "sha256:44ff04138935882fef7c686878e1c8fd80a723161ad6a98da31e14b7553170c2",
                "sha256:4b1030728872c59687badcca1e225a9103440e467c17d6d1730ab3d2d64bfeff",
                "sha256:58363dbd966afb4f89b3b11dfb8ff200058fbc3b947507675c19ceb46104b48d",
                "sha256:6ec280fb24d27e3d97aa731e16207d58bd8ae94ef6eab97249a2afe4ba643d42",
                "sha256:7270a6c29199adc1297776937a05b59720e8a782531f1f122f2eb8467f9aab4d",
                "sha256:73fd30c57fa2d0a1d7a49c561c40c2f79c7d6c374cc7750e9ac7c99176f6428e",
                "sha256:7f09806ed4fbea8f51585231ba742b58cbcfbfe823ea197d8c89a5e433c7e912",
                "sha256:90df0cc93e1f8d2fba8365fb59a858f51a11a394d64dbf3ef844f783844cc793",
                "sha256:971221ed40f058f5662a604bd1ae6e4521d84e6cad0b7b170564cc34169c8f13",
                "sha256:a518c153a2b5ed6b8cc03f7ae79d5ffad7315ad4569b2d5333a13c38d64bd8d7",
                "sha256:b0de590a8b0979649ebeef8bb9f54394d3a41f66c5584fff4220901739b6b2f0",
                "sha256:b43f53f29816ba1db8525f006fa6f49292e9b029554b3eb56a189a70f2a40879",
                "sha256:d31402aad60ed889c7e57934a03477b572a03af7794fa8fb1780f21ea8f6551f",
                "sha256:de96157ec73458a7f14e3d26f17f8128c959084931e8997b9e655a39c8fde9f9",
                "sha256:df6b4dca2e11865e6cfbfb708e800efb18370f5a46fd601d3755bc7f85b3a8a2",
                "sha256:ecadccc7ba52193963c0475ac9f6fa28ac01e01349a2ca48509667ef41ffd2cf",
                "sha256:fb81c17e0ebe3358486cd8cc3ad78adbae58af12fc2bf2bc0bb84e8090fa5ce8"
            ],
            "version": "==2.8"
        },
        "idna": {
            "hashes": [
                "sha256:7588d1c14ae4c77d74036e8c22ff447b26d0fde8f007354fd48a7814db15b7cb",
                "sha256:a068a21ceac8a4d63dbfd964670474107f541babbd2250d61922f029858365fa"
            ],
            "version": "==2.9"
        },
        "isodate": {
            "hashes": [
                "sha256:2e364a3d5759479cdb2d37cce6b9376ea504db2ff90252a2e5b7cc89cc9ff2d8",
                "sha256:aa4d33c06640f5352aca96e4b81afd8ab3b47337cc12089822d6f322ac772c81"
            ],
            "version": "==0.6.0"
        },
        "msrest": {
            "hashes": [
                "sha256:40faff88e151d393e29512e58b27d141974d6a963e63e4a340fc0ceb13c15f37",
                "sha256:57eba26bd09d839d8f9133aea4b632d3216902efedf580b1a757c67b6538fb2c"
            ],
            "version": "==0.6.11"
        },
        "msrestazure": {
            "hashes": [
                "sha256:0ae7f903ff81631512beef39602c4104a8fe04cb7d166f28a1ec43c0f0985749",
                "sha256:0ec9db93eeea6a6cf1240624a04f49cd8bbb26b98d84a63a8220cfda858c2a96"
            ],
            "version": "==0.6.3"
        },
        "oauthlib": {
            "hashes": [
                "sha256:bee41cc35fcca6e988463cacc3bcb8a96224f470ca547e697b604cc697b2f889",
                "sha256:df884cd6cbe20e32633f1db1072e9356f53638e4361bef4e8b03c9127c9328ea"
            ],
            "version": "==3.1.0"
        },
        "pycparser": {
            "hashes": [
                "sha256:2d475327684562c3a96cc71adf7dc8c4f0565175cf86b6d7a404ff4c771f15f0",
                "sha256:7582ad22678f0fcd81102833f60ef8d0e57288b6b5fb00323d101be910e35705"
            ],
            "version": "==2.20"
        },
        "pyjwt": {
            "hashes": [
                "sha256:5c6eca3c2940464d106b99ba83b00c6add741c9becaec087fb7ccdefea71350e",
                "sha256:8d59a976fb773f3e6a39c85636357c4f0e242707394cadadd9814f5cbaa20e96"
            ],
            "version": "==1.7.1"
        },
        "python-dateutil": {
            "hashes": [
                "sha256:73ebfe9dbf22e832286dafa60473e4cd239f8592f699aa5adaf10050e6e1823c",
                "sha256:75bb3f31ea686f1197762692a9ee6a7550b59fc6ca3a1f4b5d7e32fb98e2da2a"
            ],
            "version": "==2.8.1"
        },
        "python-dotenv": {
            "hashes": [
                "sha256:81822227f771e0cab235a2939f0f265954ac4763cafd806d845801c863bf372f",
                "sha256:92b3123fb2d58a284f76cc92bfe4ee6c502c32ded73e8b051c4f6afc8b6751ed"
            ],
            "index": "pypi",
            "version": "==0.12.0"
        },
        "requests": {
            "hashes": [
                "sha256:43999036bfa82904b6af1d99e4882b560e5e2c68e5c4b0aa03b655f3d7d73fee",
                "sha256:b3f43d496c6daba4493e7c431722aeb7dbc6288f52a6e04e7b6023b0247817e6"
            ],
            "version": "==2.23.0"
        },
        "requests-oauthlib": {
            "hashes": [
                "sha256:7f71572defaecd16372f9006f33c2ec8c077c3cfa6f5911a9a90202beb513f3d",
                "sha256:b4261601a71fd721a8bd6d7aa1cc1d6a8a93b4a9f5e96626f8e4d91e8beeaa6a"
            ],
            "version": "==1.3.0"
        },
        "simplejson": {
            "hashes": [
                "sha256:0fe3994207485efb63d8f10a833ff31236ed27e3b23dadd0bf51c9900313f8f2",
                "sha256:17163e643dbf125bb552de17c826b0161c68c970335d270e174363d19e7ea882",
                "sha256:1d1e929cdd15151f3c0b2efe953b3281b2fd5ad5f234f77aca725f28486466f6",
                "sha256:1ea59f570b9d4916ae5540a9181f9c978e16863383738b69a70363bc5e63c4cb",
                "sha256:22a7acb81968a7c64eba7526af2cf566e7e2ded1cb5c83f0906b17ff1540f866",
                "sha256:2b4b2b738b3b99819a17feaf118265d0753d5536049ea570b3c43b51c4701e81",
                "sha256:4cf91aab51b02b3327c9d51897960c554f00891f9b31abd8a2f50fd4a0071ce8",
                "sha256:7cce4bac7e0d66f3a080b80212c2238e063211fe327f98d764c6acbc214497fc",
                "sha256:8027bd5f1e633eb61b8239994e6fc3aba0346e76294beac22a892eb8faa92ba1",
                "sha256:86afc5b5cbd42d706efd33f280fec7bd7e2772ef54e3f34cf6b30777cd19a614",
                "sha256:87d349517b572964350cc1adc5a31b493bbcee284505e81637d0174b2758ba17",
                "sha256:926bcbef9eb60e798eabda9cd0bbcb0fca70d2779aa0aa56845749d973eb7ad5",
                "sha256:9a126c3a91df5b1403e965ba63b304a50b53d8efc908a8c71545ed72535374a3",
                "sha256:daaf4d11db982791be74b23ff4729af2c7da79316de0bebf880fa2d60bcc8c5a",
                "sha256:fc046afda0ed8f5295212068266c92991ab1f4a50c6a7144b69364bdee4a0159",
                "sha256:fc9051d249dd5512e541f20330a74592f7a65b2d62e18122ca89bf71f94db748"
            ],
            "index": "pypi",
            "version": "==3.17.0"
        },
        "six": {
            "hashes": [
                "sha256:236bdbdce46e6e6a3d61a337c0f8b763ca1e8717c03b369e87a7ec7ce1319c0a",
                "sha256:8f3cd2e254d8f793e7f3d6d9df77b92252b52637291d0f0da013c76ea2724b6c"
            ],
            "version": "==1.14.0"
        },
        "urllib3": {
            "hashes": [
                "sha256:2f3db8b19923a873b3e5256dc9c2dedfa883e33d87c690d9c7913e1f40673cdc",
                "sha256:87716c2d2a7121198ebcb7ce7cccf6ce5e9ba539041cfbaeecfb641dc0bf6acc"
            ],
            "version": "==1.25.8"
        },
        "werkzeug": {
            "hashes": [
                "sha256:169ba8a33788476292d04186ab33b01d6add475033dfc07215e6d219cc077096",
                "sha256:6dc65cf9091cf750012f56f2cad759fa9e879f511b5ff8685e456b4e3bf90d16"
            ],
            "index": "pypi",
            "version": "==1.0.0"
        }
    },
    "develop": {
        "click": {
            "hashes": [
                "sha256:8a18b4ea89d8820c5d0c7da8a64b2c324b4dabb695804dbfea19b9be9d88c0cc",
                "sha256:e345d143d80bf5ee7534056164e5e112ea5e22716bbb1ce727941f4c8b471b9a"
            ],
            "index": "pypi",
            "version": "==7.1.1"
        },
        "entrypoints": {
            "hashes": [
                "sha256:589f874b313739ad35be6e0cd7efde2a4e9b6fea91edcc34e58ecbb8dbe56d19",
                "sha256:c70dd71abe5a8c85e55e12c19bd91ccfeec11a6e99044204511f9ed547d48451"
            ],
            "version": "==0.3"
        },
        "flake8": {
            "hashes": [
                "sha256:45681a117ecc81e870cbf1262835ae4af5e7a8b08e40b944a8a6e6b895914cfb",
                "sha256:49356e766643ad15072a789a20915d3c91dc89fd313ccd71802303fd67e4deca"
            ],
            "index": "pypi",
            "version": "==3.7.9"
        },
        "mccabe": {
            "hashes": [
                "sha256:ab8a6258860da4b6677da4bd2fe5dc2c659cff31b3ee4f7f5d64e79735b80d42",
                "sha256:dd8d182285a0fe56bace7f45b5e7d1a6ebcbf524e8f3bd87eb0f125271b8831f"
            ],
            "version": "==0.6.1"
        },
        "pathtools": {
            "hashes": [
                "sha256:7c35c5421a39bb82e58018febd90e3b6e5db34c5443aaaf742b3f33d4655f1c0"
            ],
            "version": "==0.1.2"
        },
        "pycodestyle": {
            "hashes": [
                "sha256:95a2219d12372f05704562a14ec30bc76b05a5b297b21a5dfe3f6fac3491ae56",
                "sha256:e40a936c9a450ad81df37f549d676d127b1b66000a6c500caa2b085bc0ca976c"
            ],
            "version": "==2.5.0"
        },
        "pyflakes": {
            "hashes": [
                "sha256:17dbeb2e3f4d772725c777fabc446d5634d1038f234e77343108ce445ea69ce0",
                "sha256:d976835886f8c5b31d47970ed689944a0262b5f3afa00a5a7b4dc81e5449f8a2"
            ],
            "version": "==2.1.1"
        },
        "watchdog": {
            "hashes": [
                "sha256:c560efb643faed5ef28784b2245cf8874f939569717a4a12826a173ac644456b"
            ],
            "index": "pypi",
            "version": "==0.10.2"
        }
    }
}
